
Microsoft Visual Studio Solution File, Format Version 12.00
# Visual Studio Version 17
VisualStudioVersion = 17.6.33829.357
MinimumVisualStudioVersion = 10.0.40219.1
Project("{FAE04EC0-301F-11D3-BF4B-00C04F79EFBC}") = "Casgem_DapperProject", "Casgem_DapperProject\Casgem_DapperProject.csproj", "{91D36CB7-91AD-4189-865B-327031DAD0FA}"
EndProject
Global
	GlobalSection(SolutionConfigurationPlatforms) = preSolution
		Debug|Any CPU = Debug|Any CPU
		Release|Any CPU = Release|Any CPU
	EndGlobalSection
	GlobalSection(ProjectConfigurationPlatforms) = postSolution
		{91D36CB7-91AD-4189-865B-327031DAD0FA}.Debug|Any CPU.ActiveCfg = Debug|Any CPU
		{91D36CB7-91AD-4189-865B-327031DAD0FA}.Debug|Any CPU.Build.0 = Debug|Any CPU
		{91D36CB7-91AD-4189-865B-327031DAD0FA}.Release|Any CPU.ActiveCfg = Release|Any CPU
		{91D36CB7-91AD-4189-865B-327031DAD0FA}.Release|Any CPU.Build.0 = Release|Any CPU
	EndGlobalSection
	GlobalSection(SolutionProperties) = preSolution
		HideSolutionNode = FALSE
	EndGlobalSection
	GlobalSection(ExtensibilityGlobals) = postSolution
		SolutionGuid = {B5C6CA5E-ADBB-47D4-89F7-28BCD89A2C15}
	EndGlobalSection
EndGlobal
